
Microsoft Visual Studio Solution File, Format Version 12.00
# Visual Studio 15
VisualStudioVersion = 15.0.27004.2009
MinimumVisualStudioVersion = 10.0.40219.1
Project("{2150E333-8FDC-42A3-9474-1A3956D46DE8}") = "src", "src", "{A0464460-C303-450F-AD86-2DAC03E35389}"
EndProject
Project("{2150E333-8FDC-42A3-9474-1A3956D46DE8}") = "root", "root", "{2166BE14-AA96-4EAC-8386-BE3748E35D81}"
ProjectSection(SolutionItems) = preProject
	.gitignore = .gitignore
	README.md = README.md
EndProjectSection
EndProject
Project("{FAE04EC0-301F-11D3-BF4B-00C04F79EFBC}") = "BikeDataProject.Identity.API", "src\BikeDataProject.Identity.API\BikeDataProject.Identity.API.csproj", "{5DAE40AE-615F-417C-932B-E3621726B916}"
EndProject
Project("{FAE04EC0-301F-11D3-BF4B-00C04F79EFBC}") = "Fitbit", "src\Fitbit\Fitbit.csproj", "{6B69D441-DB67-4574-A2BE-9D5D27B9B0A2}"
EndProject
Global
	GlobalSection(SolutionConfigurationPlatforms) = preSolution
		Debug|Any CPU = Debug|Any CPU
		Release|Any CPU = Release|Any CPU
	EndGlobalSection
	GlobalSection(ProjectConfigurationPlatforms) = postSolution
		{5DAE40AE-615F-417C-932B-E3621726B916}.Debug|Any CPU.ActiveCfg = Debug|Any CPU
		{5DAE40AE-615F-417C-932B-E3621726B916}.Debug|Any CPU.Build.0 = Debug|Any CPU
		{5DAE40AE-615F-417C-932B-E3621726B916}.Release|Any CPU.ActiveCfg = Release|Any CPU
		{5DAE40AE-615F-417C-932B-E3621726B916}.Release|Any CPU.Build.0 = Release|Any CPU
		{6B69D441-DB67-4574-A2BE-9D5D27B9B0A2}.Debug|Any CPU.ActiveCfg = Debug|Any CPU
		{6B69D441-DB67-4574-A2BE-9D5D27B9B0A2}.Debug|Any CPU.Build.0 = Debug|Any CPU
		{6B69D441-DB67-4574-A2BE-9D5D27B9B0A2}.Release|Any CPU.ActiveCfg = Release|Any CPU
		{6B69D441-DB67-4574-A2BE-9D5D27B9B0A2}.Release|Any CPU.Build.0 = Release|Any CPU
	EndGlobalSection
	GlobalSection(SolutionProperties) = preSolution
		HideSolutionNode = FALSE
	EndGlobalSection
	GlobalSection(ExtensibilityGlobals) = postSolution
		SolutionGuid = {346E0142-1F7D-45AA-B826-79FB9C4B43FE}
	EndGlobalSection
	GlobalSection(NestedProjects) = preSolution
		{5DAE40AE-615F-417C-932B-E3621726B916} = {A0464460-C303-450F-AD86-2DAC03E35389}
		{6B69D441-DB67-4574-A2BE-9D5D27B9B0A2} = {A0464460-C303-450F-AD86-2DAC03E35389}
	EndGlobalSection
EndGlobal
